
Microsoft Visual Studio Solution File, Format Version 12.00
# Visual Studio Version 17
VisualStudioVersion = 17.7.34221.43
MinimumVisualStudioVersion = 10.0.40219.1
Project("{FAE04EC0-301F-11D3-BF4B-00C04F79EFBC}") = "PlayerAndTeam", "PlayerAndTeam\PlayerAndTeam.csproj", "{D6C25BFA-C523-4C92-820E-04788029AF15}"
EndProject
Global
	GlobalSection(SolutionConfigurationPlatforms) = preSolution
		Debug|Any CPU = Debug|Any CPU
		Release|Any CPU = Release|Any CPU
	EndGlobalSection
	GlobalSection(ProjectConfigurationPlatforms) = postSolution
		{D6C25BFA-C523-4C92-820E-04788029AF15}.Debug|Any CPU.ActiveCfg = Debug|Any CPU
		{D6C25BFA-C523-4C92-820E-04788029AF15}.Debug|Any CPU.Build.0 = Debug|Any CPU
		{D6C25BFA-C523-4C92-820E-04788029AF15}.Release|Any CPU.ActiveCfg = Release|Any CPU
		{D6C25BFA-C523-4C92-820E-04788029AF15}.Release|Any CPU.Build.0 = Release|Any CPU
	EndGlobalSection
	GlobalSection(SolutionProperties) = preSolution
		HideSolutionNode = FALSE
	EndGlobalSection
	GlobalSection(ExtensibilityGlobals) = postSolution
		SolutionGuid = {73A2CA9B-0D19-41D5-B57F-3BB8FFCB36FA}
	EndGlobalSection
EndGlobal
